{
  "name": "clj-br.github.io",
  "lockfileVersion": 2,
  "requires": true,
  "packages": {
    "": {
      "dependencies": {
        "@codemirror/autocomplete": "0.18.8",
        "@codemirror/closebrackets": "0.18.0",
        "@codemirror/commands": "0.18.3",
        "@codemirror/comment": "0.18.1",
        "@codemirror/fold": "0.18.1",
        "@codemirror/gutter": "0.18.4",
        "@codemirror/highlight": "0.18.4",
        "@codemirror/history": "0.18.1",
        "@codemirror/language": "0.18.2",
        "@codemirror/lint": "0.18.4",
        "@codemirror/matchbrackets": "0.18.0",
        "@codemirror/rectangular-selection": "0.18.0",
        "@codemirror/search": "0.18.4",
        "@codemirror/state": "0.18.7",
        "@codemirror/view": "0.18.17",
        "lezer-clojure": "0.1.10",
        "react-dom": "^17.0.2"
      }
    },
    "node_modules/@codemirror/autocomplete": {
      "version": "0.18.8",
      "resolved": "https://registry.npmjs.org/@codemirror/autocomplete/-/autocomplete-0.18.8.tgz",
      "integrity": "sha512-Va1Q763Vu/rVmIazru/ZnO2kkWVq6SlmMEjeD0qmxLAypyP6j/QNdpmaPDI1qb/+Mb9VFZBbac6a0aLTTi8qxQ==",
      "dependencies": {
        "@codemirror/language": "^0.18.0",
        "@codemirror/state": "^0.18.0",
        "@codemirror/text": "^0.18.0",
        "@codemirror/tooltip": "^0.18.4",
        "@codemirror/view": "^0.18.0",
        "lezer-tree": "^0.13.0"
      }
    },
    "node_modules/@codemirror/closebrackets": {
      "version": "0.18.0",
      "resolved": "https://registry.npmjs.org/@codemirror/closebrackets/-/closebrackets-0.18.0.tgz",
      "integrity": "sha512-O1RAgUkzF4nq/B8IyXenZKZ1rJi2Mc7I6y4IhWhELiTnjyQy7YdAthTsJ40mNr8kZ6gRbasYe3K7TraITElZJA==",
      "dependencies": {
        "@codemirror/language": "^0.18.0",
        "@codemirror/rangeset": "^0.18.0",
        "@codemirror/state": "^0.18.0",
        "@codemirror/text": "^0.18.0",
        "@codemirror/view": "^0.18.0"
      }
    },
    "node_modules/@codemirror/commands": {
      "version": "0.18.3",
      "resolved": "https://registry.npmjs.org/@codemirror/commands/-/commands-0.18.3.tgz",
      "integrity": "sha512-nHYDG13qOirioXTAKmjl10W2L0eZ1ftvmTwvUTNY27UWVBPFSpk5zDXP3WqJ0mgMhQ4AOFLJaTjJEO3hmPComg==",
      "dependencies": {
        "@codemirror/language": "^0.18.0",
        "@codemirror/matchbrackets": "^0.18.0",
        "@codemirror/state": "^0.18.0",
        "@codemirror/text": "^0.18.0",
        "@codemirror/view": "^0.18.0",
        "lezer-tree": "^0.13.0"
      }
    },
    "node_modules/@codemirror/comment": {
      "version": "0.18.1",
      "resolved": "https://registry.npmjs.org/@codemirror/comment/-/comment-0.18.1.tgz",
      "integrity": "sha512-Inhqs0F24WE28Fcp1dBZghwixBGv1HDwY9MjE0d5tpMY/IPGI6uT30fGyHAXrir6hUqk7eJRkO4UYnODGOnoIA==",
      "dependencies": {
        "@codemirror/state": "^0.18.0",
        "@codemirror/text": "^0.18.0",
        "@codemirror/view": "^0.18.0"
      }
    },
    "node_modules/@codemirror/fold": {
      "version": "0.18.1",
      "resolved": "https://registry.npmjs.org/@codemirror/fold/-/fold-0.18.1.tgz",
      "integrity": "sha512-vvMUgDeSmeVow7/75YoNTERxPsdnIBeEw1JL2YVpLyscsUlalqwuxdhiHDLT5zjAu6JvMoTC103mwqgAYwM9tA==",
      "dependencies": {
        "@codemirror/gutter": "^0.18.0",
        "@codemirror/language": "^0.18.0",
        "@codemirror/rangeset": "^0.18.0",
        "@codemirror/state": "^0.18.0",
        "@codemirror/view": "^0.18.0"
      }
    },
    "node_modules/@codemirror/gutter": {
      "version": "0.18.4",
      "resolved": "https://registry.npmjs.org/@codemirror/gutter/-/gutter-0.18.4.tgz",
      "integrity": "sha512-Sf2IWshMi9zwVVqpGmd2NRplY0qfrE2IiBEII9n2gB9M8hgIMg5GCyhdnsUDsOm0gcSut65W62vV7/DfYJHQCA==",
      "dependencies": {
        "@codemirror/rangeset": "^0.18.3",
        "@codemirror/state": "^0.18.0",
        "@codemirror/view": "^0.18.0"
      }
    },
    "node_modules/@codemirror/highlight": {
      "version": "0.18.4",
      "resolved": "https://registry.npmjs.org/@codemirror/highlight/-/highlight-0.18.4.tgz",
      "integrity": "sha512-3azJntqWrShOIq/0kVcdMc9k7ACL0LQErgK+A6aWXmCj5Mx0gShq+Iajy8AMQ2zB0v3nhCBgFaniL1LLD5m5hQ==",
      "dependencies": {
        "@codemirror/language": "^0.18.0",
        "@codemirror/rangeset": "^0.18.0",
        "@codemirror/state": "^0.18.0",
        "@codemirror/view": "^0.18.0",
        "lezer-tree": "^0.13.0",
        "style-mod": "^4.0.0"
      }
    },
    "node_modules/@codemirror/history": {
      "version": "0.18.1",
      "resolved": "https://registry.npmjs.org/@codemirror/history/-/history-0.18.1.tgz",
      "integrity": "sha512-Aad3p4zs6UYKCUMXYjh7cvPK0ajuL+rMib9yBZ61w81LLl6OkM31Xrn9J6CLJmPxCwP3OJFiqBmNSBQ05oIsTw==",
      "dependencies": {
        "@codemirror/state": "^0.18.3",
        "@codemirror/view": "^0.18.0"
      }
    },
    "node_modules/@codemirror/language": {
      "version": "0.18.2",
      "resolved": "https://registry.npmjs.org/@codemirror/language/-/language-0.18.2.tgz",
      "integrity": "sha512-2Kz0Xyfvt1Ex2KfTUcYZ3IBxpnFCqHaJijwZknGBT7JXv9dwbOPs9SfPfL4oxVuDIHZx8JTPfoV3LTTJrm8M3Q==",
      "dependencies": {
        "@codemirror/state": "^0.18.0",
        "@codemirror/text": "^0.18.0",
        "@codemirror/view": "^0.18.0",
        "lezer": "^0.13.4",
        "lezer-tree": "^0.13.0"
      }
    },
    "node_modules/@codemirror/lint": {
      "version": "0.18.4",
      "resolved": "https://registry.npmjs.org/@codemirror/lint/-/lint-0.18.4.tgz",
      "integrity": "sha512-H77qYfZOmo1kKf0ZQagzk/JRGVhIpwP0hq1TSO6DFC1WLjW6gcsFJO5NDMS86enm0KX0w4/IkA7PItz2mjmHhQ==",
      "dependencies": {
        "@codemirror/panel": "^0.18.1",
        "@codemirror/state": "^0.18.0",
        "@codemirror/tooltip": "^0.18.4",
        "@codemirror/view": "^0.18.0",
        "crelt": "^1.0.5"
      }
    },
    "node_modules/@codemirror/matchbrackets": {
      "version": "0.18.0",
      "resolved": "https://registry.npmjs.org/@codemirror/matchbrackets/-/matchbrackets-0.18.0.tgz",
      "integrity": "sha512-dPDopnZVkD54sSYdmQbyQbPdiuIA83p7XxX6Hp1ScEkOjukwCiFXiA/84x10FUTsQpUYp8bDzm7gwII119bGIw==",
      "dependencies": {
        "@codemirror/language": "^0.18.0",
        "@codemirror/state": "^0.18.0",
        "@codemirror/view": "^0.18.0",
        "lezer-tree": "^0.13.0"
      }
    },
    "node_modules/@codemirror/panel": {
      "version": "0.18.2",
      "resolved": "https://registry.npmjs.org/@codemirror/panel/-/panel-0.18.2.tgz",
      "integrity": "sha512-ea/g2aAKtfmie1kD7C8GDutD/5u+uzRJr/varUiAbHKr1sAdjtz5xYvC3GBAMYMan1GOh0vD5zP1yEupJl3b3Q==",
      "dependencies": {
        "@codemirror/state": "^0.18.0",
        "@codemirror/view": "^0.18.0"
      }
    },
    "node_modules/@codemirror/rangeset": {
      "version": "0.18.4",
      "resolved": "https://registry.npmjs.org/@codemirror/rangeset/-/rangeset-0.18.4.tgz",
      "integrity": "sha512-HHAebb85KoNrnzKG7Z3bOK3HirstPFFB5tu70QfSaUgSZeWnsSgcmGk033rMLGYV9GNTiibWKpqRPaCuyOUk7w==",
      "dependencies": {
        "@codemirror/state": "^0.18.0"
      }
    },
    "node_modules/@codemirror/rectangular-selection": {
      "version": "0.18.0",
      "resolved": "https://registry.npmjs.org/@codemirror/rectangular-selection/-/rectangular-selection-0.18.0.tgz",
      "integrity": "sha512-BQ4pp2zhXCVZNqct5LtLR3AOWVseENBF/3oOgBmwsCKH7c11NfTqIqgWG5EW8NLOXp8HP8cDm3np8eWez0VkGQ==",
      "dependencies": {
        "@codemirror/state": "^0.18.0",
        "@codemirror/text": "^0.18.0",
        "@codemirror/view": "^0.18.0"
      }
    },
    "node_modules/@codemirror/search": {
      "version": "0.18.4",
      "resolved": "https://registry.npmjs.org/@codemirror/search/-/search-0.18.4.tgz",
      "integrity": "sha512-3chVkMPzl+pTUSqtimTicebhti4SLpvkj03pQx2aPZScXxIiYuDk4cLdIJK9omjmO1+oycRKbOrqvG7iZJJwMg==",
      "dependencies": {
        "@codemirror/panel": "^0.18.1",
        "@codemirror/rangeset": "^0.18.0",
        "@codemirror/state": "^0.18.6",
        "@codemirror/text": "^0.18.0",
        "@codemirror/view": "^0.18.0",
        "crelt": "^1.0.5"
      }
    },
    "node_modules/@codemirror/state": {
      "version": "0.18.7",
      "resolved": "https://registry.npmjs.org/@codemirror/state/-/state-0.18.7.tgz",
      "integrity": "sha512-cVyTiAC9vv90NKmGOfNtBjyIem3BqKui1L5Hfcxurp8K9votQj2oH9COcgWPnQ2Xs64yC70tEuTt9DF1pj5PFQ==",
      "dependencies": {
        "@codemirror/text": "^0.18.0"
      }
    },
    "node_modules/@codemirror/text": {
      "version": "0.18.0",
      "resolved": "https://registry.npmjs.org/@codemirror/text/-/text-0.18.0.tgz",
      "integrity": "sha512-HMzHNIAbjCiCf3tEJMRg6ul01KPuXxQGNiHlHgAnqPguq/CX+L4Nvj5JlWQAI91Pupk18zhmM1c6eaazX4YeTg=="
    },
    "node_modules/@codemirror/tooltip": {
      "version": "0.18.4",
      "resolved": "https://registry.npmjs.org/@codemirror/tooltip/-/tooltip-0.18.4.tgz",
      "integrity": "sha512-LDlDOSEfjoG24uapLN7exK3Z3JchYFKUwWqo1x/9YdlAkmD1ik7cMSQZboCquP1uJVcXhtbpKmaO6vENGVaarg==",
      "dependencies": {
        "@codemirror/state": "^0.18.0",
        "@codemirror/view": "^0.18.0"
      }
    },
    "node_modules/@codemirror/view": {
      "version": "0.18.17",
      "resolved": "https://registry.npmjs.org/@codemirror/view/-/view-0.18.17.tgz",
      "integrity": "sha512-AneqrYFgQJFZY5CdIRvllaLWL7r966JZK64d05PrScYhhRT6y5iiq0VBO9nxX5Y2gbTXBdO1/eZdtJlhwa6hww==",
      "dependencies": {
        "@codemirror/rangeset": "^0.18.2",
        "@codemirror/state": "^0.18.0",
        "@codemirror/text": "^0.18.0",
        "style-mod": "^4.0.0",
        "w3c-keyname": "^2.2.4"
      }
    },
    "node_modules/crelt": {
      "version": "1.0.5",
      "resolved": "https://registry.npmjs.org/crelt/-/crelt-1.0.5.tgz",
      "integrity": "sha512-+BO9wPPi+DWTDcNYhr/W90myha8ptzftZT+LwcmUbbok0rcP/fequmFYCw8NMoH7pkAZQzU78b3kYrlua5a9eA=="
    },
    "node_modules/js-tokens": {
      "version": "4.0.0",
      "resolved": "https://registry.npmjs.org/js-tokens/-/js-tokens-4.0.0.tgz",
      "integrity": "sha512-RdJUflcE3cUzKiMqQgsCu06FPu9UdIJO0beYbPhHN4k6apgJtifcoCtT9bcxOpYBtpD2kCM6Sbzg4CausW/PKQ=="
    },
    "node_modules/lezer": {
      "version": "0.13.5",
      "resolved": "https://registry.npmjs.org/lezer/-/lezer-0.13.5.tgz",
      "integrity": "sha512-cAiMQZGUo2BD8mpcz7Nv1TlKzWP7YIdIRrX41CiP5bk5t4GHxskOxWUx2iAOuHlz8dO+ivbuXr0J1bfHsWD+lQ==",
      "dependencies": {
        "lezer-tree": "^0.13.2"
      }
    },
    "node_modules/lezer-clojure": {
      "version": "0.1.10",
      "resolved": "https://registry.npmjs.org/lezer-clojure/-/lezer-clojure-0.1.10.tgz",
      "integrity": "sha512-aBDffG323AyhNJXIXKb9joCVviiJqZ8LPfH/W6SwyLxyzfE71ze77uhXnxZjz0F4agsw/TXxImUan2DXQvZ41A==",
      "dependencies": {
        "lezer": "^0.13.0"
      }
    },
    "node_modules/lezer-tree": {
      "version": "0.13.2",
      "resolved": "https://registry.npmjs.org/lezer-tree/-/lezer-tree-0.13.2.tgz",
      "integrity": "sha512-15ZxW8TxVNAOkHIo43Iouv4zbSkQQ5chQHBpwXcD2bBFz46RB4jYLEEww5l1V0xyIx9U2clSyyrLes+hAUFrGQ=="
    },
    "node_modules/loose-envify": {
      "version": "1.4.0",
      "resolved": "https://registry.npmjs.org/loose-envify/-/loose-envify-1.4.0.tgz",
      "integrity": "sha512-lyuxPGr/Wfhrlem2CL/UcnUc1zcqKAImBDzukY7Y5F/yQiNdko6+fRLevlw1HgMySw7f611UIY408EtxRSoK3Q==",
      "dependencies": {
        "js-tokens": "^3.0.0 || ^4.0.0"
      },
      "bin": {
        "loose-envify": "cli.js"
      }
    },
    "node_modules/object-assign": {
      "version": "4.1.1",
      "resolved": "https://registry.npmjs.org/object-assign/-/object-assign-4.1.1.tgz",
      "integrity": "sha1-IQmtx5ZYh8/AXLvUQsrIv7s2CGM=",
      "engines": {
        "node": ">=0.10.0"
      }
    },
    "node_modules/react": {
      "version": "17.0.2",
      "resolved": "https://registry.npmjs.org/react/-/react-17.0.2.tgz",
      "integrity": "sha512-gnhPt75i/dq/z3/6q/0asP78D0u592D5L1pd7M8P+dck6Fu/jJeL6iVVK23fptSUZj8Vjf++7wXA8UNclGQcbA==",
      "peer": true,
      "dependencies": {
        "loose-envify": "^1.1.0",
        "object-assign": "^4.1.1"
      },
      "engines": {
        "node": ">=0.10.0"
      }
    },
    "node_modules/react-dom": {
      "version": "17.0.2",
      "resolved": "https://registry.npmjs.org/react-dom/-/react-dom-17.0.2.tgz",
      "integrity": "sha512-s4h96KtLDUQlsENhMn1ar8t2bEa+q/YAtj8pPPdIjPDGBDIVNsrD9aXNWqspUe6AzKCIG0C1HZZLqLV7qpOBGA==",
      "dependencies": {
        "loose-envify": "^1.1.0",
        "object-assign": "^4.1.1",
        "scheduler": "^0.20.2"
      },
      "peerDependencies": {
        "react": "17.0.2"
      }
    },
    "node_modules/scheduler": {
      "version": "0.20.2",
      "resolved": "https://registry.npmjs.org/scheduler/-/scheduler-0.20.2.tgz",
      "integrity": "sha512-2eWfGgAqqWFGqtdMmcL5zCMK1U8KlXv8SQFGglL3CEtd0aDVDWgeF/YoCmvln55m5zSk3J/20hTaSBeSObsQDQ==",
      "dependencies": {
        "loose-envify": "^1.1.0",
        "object-assign": "^4.1.1"
      }
    },
    "node_modules/style-mod": {
      "version": "4.0.0",
      "resolved": "https://registry.npmjs.org/style-mod/-/style-mod-4.0.0.tgz",
      "integrity": "sha512-OPhtyEjyyN9x3nhPsu76f52yUGXiZcgvsrFVtvTkyGRQJ0XK+GPc6ov1z+lRpbeabka+MYEQxOYRnt5nF30aMw=="
    },
    "node_modules/w3c-keyname": {
      "version": "2.2.4",
      "resolved": "https://registry.npmjs.org/w3c-keyname/-/w3c-keyname-2.2.4.tgz",
      "integrity": "sha512-tOhfEwEzFLJzf6d1ZPkYfGj+FWhIpBux9ppoP3rlclw3Z0BZv3N7b7030Z1kYth+6rDuAsXUFr+d0VE6Ed1ikw=="
    }
  },
  "dependencies": {
    "@codemirror/autocomplete": {
      "version": "0.18.8",
      "resolved": "https://registry.npmjs.org/@codemirror/autocomplete/-/autocomplete-0.18.8.tgz",
      "integrity": "sha512-Va1Q763Vu/rVmIazru/ZnO2kkWVq6SlmMEjeD0qmxLAypyP6j/QNdpmaPDI1qb/+Mb9VFZBbac6a0aLTTi8qxQ==",
      "requires": {
        "@codemirror/language": "^0.18.0",
        "@codemirror/state": "^0.18.0",
        "@codemirror/text": "^0.18.0",
        "@codemirror/tooltip": "^0.18.4",
        "@codemirror/view": "^0.18.0",
        "lezer-tree": "^0.13.0"
      }
    },
    "@codemirror/closebrackets": {
      "version": "0.18.0",
      "resolved": "https://registry.npmjs.org/@codemirror/closebrackets/-/closebrackets-0.18.0.tgz",
      "integrity": "sha512-O1RAgUkzF4nq/B8IyXenZKZ1rJi2Mc7I6y4IhWhELiTnjyQy7YdAthTsJ40mNr8kZ6gRbasYe3K7TraITElZJA==",
      "requires": {
        "@codemirror/language": "^0.18.0",
        "@codemirror/rangeset": "^0.18.0",
        "@codemirror/state": "^0.18.0",
        "@codemirror/text": "^0.18.0",
        "@codemirror/view": "^0.18.0"
      }
    },
    "@codemirror/commands": {
      "version": "0.18.3",
      "resolved": "https://registry.npmjs.org/@codemirror/commands/-/commands-0.18.3.tgz",
      "integrity": "sha512-nHYDG13qOirioXTAKmjl10W2L0eZ1ftvmTwvUTNY27UWVBPFSpk5zDXP3WqJ0mgMhQ4AOFLJaTjJEO3hmPComg==",
      "requires": {
        "@codemirror/language": "^0.18.0",
        "@codemirror/matchbrackets": "^0.18.0",
        "@codemirror/state": "^0.18.0",
        "@codemirror/text": "^0.18.0",
        "@codemirror/view": "^0.18.0",
        "lezer-tree": "^0.13.0"
      }
    },
    "@codemirror/comment": {
      "version": "0.18.1",
      "resolved": "https://registry.npmjs.org/@codemirror/comment/-/comment-0.18.1.tgz",
      "integrity": "sha512-Inhqs0F24WE28Fcp1dBZghwixBGv1HDwY9MjE0d5tpMY/IPGI6uT30fGyHAXrir6hUqk7eJRkO4UYnODGOnoIA==",
      "requires": {
        "@codemirror/state": "^0.18.0",
        "@codemirror/text": "^0.18.0",
        "@codemirror/view": "^0.18.0"
      }
    },
    "@codemirror/fold": {
      "version": "0.18.1",
      "resolved": "https://registry.npmjs.org/@codemirror/fold/-/fold-0.18.1.tgz",
      "integrity": "sha512-vvMUgDeSmeVow7/75YoNTERxPsdnIBeEw1JL2YVpLyscsUlalqwuxdhiHDLT5zjAu6JvMoTC103mwqgAYwM9tA==",
      "requires": {
        "@codemirror/gutter": "^0.18.0",
        "@codemirror/language": "^0.18.0",
        "@codemirror/rangeset": "^0.18.0",
        "@codemirror/state": "^0.18.0",
        "@codemirror/view": "^0.18.0"
      }
    },
    "@codemirror/gutter": {
      "version": "0.18.4",
      "resolved": "https://registry.npmjs.org/@codemirror/gutter/-/gutter-0.18.4.tgz",
      "integrity": "sha512-Sf2IWshMi9zwVVqpGmd2NRplY0qfrE2IiBEII9n2gB9M8hgIMg5GCyhdnsUDsOm0gcSut65W62vV7/DfYJHQCA==",
      "requires": {
        "@codemirror/rangeset": "^0.18.3",
        "@codemirror/state": "^0.18.0",
        "@codemirror/view": "^0.18.0"
      }
    },
    "@codemirror/highlight": {
      "version": "0.18.4",
      "resolved": "https://registry.npmjs.org/@codemirror/highlight/-/highlight-0.18.4.tgz",
      "integrity": "sha512-3azJntqWrShOIq/0kVcdMc9k7ACL0LQErgK+A6aWXmCj5Mx0gShq+Iajy8AMQ2zB0v3nhCBgFaniL1LLD5m5hQ==",
      "requires": {
        "@codemirror/language": "^0.18.0",
        "@codemirror/rangeset": "^0.18.0",
        "@codemirror/state": "^0.18.0",
        "@codemirror/view": "^0.18.0",
        "lezer-tree": "^0.13.0",
        "style-mod": "^4.0.0"
      }
    },
    "@codemirror/history": {
      "version": "0.18.1",
      "resolved": "https://registry.npmjs.org/@codemirror/history/-/history-0.18.1.tgz",
      "integrity": "sha512-Aad3p4zs6UYKCUMXYjh7cvPK0ajuL+rMib9yBZ61w81LLl6OkM31Xrn9J6CLJmPxCwP3OJFiqBmNSBQ05oIsTw==",
      "requires": {
        "@codemirror/state": "^0.18.3",
        "@codemirror/view": "^0.18.0"
      }
    },
    "@codemirror/language": {
      "version": "0.18.2",
      "resolved": "https://registry.npmjs.org/@codemirror/language/-/language-0.18.2.tgz",
      "integrity": "sha512-2Kz0Xyfvt1Ex2KfTUcYZ3IBxpnFCqHaJijwZknGBT7JXv9dwbOPs9SfPfL4oxVuDIHZx8JTPfoV3LTTJrm8M3Q==",
      "requires": {
        "@codemirror/state": "^0.18.0",
        "@codemirror/text": "^0.18.0",
        "@codemirror/view": "^0.18.0",
        "lezer": "^0.13.4",
        "lezer-tree": "^0.13.0"
      }
    },
    "@codemirror/lint": {
      "version": "0.18.4",
      "resolved": "https://registry.npmjs.org/@codemirror/lint/-/lint-0.18.4.tgz",
      "integrity": "sha512-H77qYfZOmo1kKf0ZQagzk/JRGVhIpwP0hq1TSO6DFC1WLjW6gcsFJO5NDMS86enm0KX0w4/IkA7PItz2mjmHhQ==",
      "requires": {
        "@codemirror/panel": "^0.18.1",
        "@codemirror/state": "^0.18.0",
        "@codemirror/tooltip": "^0.18.4",
        "@codemirror/view": "^0.18.0",
        "crelt": "^1.0.5"
      }
    },
    "@codemirror/matchbrackets": {
      "version": "0.18.0",
      "resolved": "https://registry.npmjs.org/@codemirror/matchbrackets/-/matchbrackets-0.18.0.tgz",
      "integrity": "sha512-dPDopnZVkD54sSYdmQbyQbPdiuIA83p7XxX6Hp1ScEkOjukwCiFXiA/84x10FUTsQpUYp8bDzm7gwII119bGIw==",
      "requires": {
        "@codemirror/language": "^0.18.0",
        "@codemirror/state": "^0.18.0",
        "@codemirror/view": "^0.18.0",
        "lezer-tree": "^0.13.0"
      }
    },
    "@codemirror/panel": {
      "version": "0.18.2",
      "resolved": "https://registry.npmjs.org/@codemirror/panel/-/panel-0.18.2.tgz",
      "integrity": "sha512-ea/g2aAKtfmie1kD7C8GDutD/5u+uzRJr/varUiAbHKr1sAdjtz5xYvC3GBAMYMan1GOh0vD5zP1yEupJl3b3Q==",
      "requires": {
        "@codemirror/state": "^0.18.0",
        "@codemirror/view": "^0.18.0"
      }
    },
    "@codemirror/rangeset": {
      "version": "0.18.4",
      "resolved": "https://registry.npmjs.org/@codemirror/rangeset/-/rangeset-0.18.4.tgz",
      "integrity": "sha512-HHAebb85KoNrnzKG7Z3bOK3HirstPFFB5tu70QfSaUgSZeWnsSgcmGk033rMLGYV9GNTiibWKpqRPaCuyOUk7w==",
      "requires": {
        "@codemirror/state": "^0.18.0"
      }
    },
    "@codemirror/rectangular-selection": {
      "version": "0.18.0",
      "resolved": "https://registry.npmjs.org/@codemirror/rectangular-selection/-/rectangular-selection-0.18.0.tgz",
      "integrity": "sha512-BQ4pp2zhXCVZNqct5LtLR3AOWVseENBF/3oOgBmwsCKH7c11NfTqIqgWG5EW8NLOXp8HP8cDm3np8eWez0VkGQ==",
      "requires": {
        "@codemirror/state": "^0.18.0",
        "@codemirror/text": "^0.18.0",
        "@codemirror/view": "^0.18.0"
      }
    },
    "@codemirror/search": {
      "version": "0.18.4",
      "resolved": "https://registry.npmjs.org/@codemirror/search/-/search-0.18.4.tgz",
      "integrity": "sha512-3chVkMPzl+pTUSqtimTicebhti4SLpvkj03pQx2aPZScXxIiYuDk4cLdIJK9omjmO1+oycRKbOrqvG7iZJJwMg==",
      "requires": {
        "@codemirror/panel": "^0.18.1",
        "@codemirror/rangeset": "^0.18.0",
        "@codemirror/state": "^0.18.6",
        "@codemirror/text": "^0.18.0",
        "@codemirror/view": "^0.18.0",
        "crelt": "^1.0.5"
      }
    },
    "@codemirror/state": {
      "version": "0.18.7",
      "resolved": "https://registry.npmjs.org/@codemirror/state/-/state-0.18.7.tgz",
      "integrity": "sha512-cVyTiAC9vv90NKmGOfNtBjyIem3BqKui1L5Hfcxurp8K9votQj2oH9COcgWPnQ2Xs64yC70tEuTt9DF1pj5PFQ==",
      "requires": {
        "@codemirror/text": "^0.18.0"
      }
    },
    "@codemirror/text": {
      "version": "0.18.0",
      "resolved": "https://registry.npmjs.org/@codemirror/text/-/text-0.18.0.tgz",
      "integrity": "sha512-HMzHNIAbjCiCf3tEJMRg6ul01KPuXxQGNiHlHgAnqPguq/CX+L4Nvj5JlWQAI91Pupk18zhmM1c6eaazX4YeTg=="
    },
    "@codemirror/tooltip": {
      "version": "0.18.4",
      "resolved": "https://registry.npmjs.org/@codemirror/tooltip/-/tooltip-0.18.4.tgz",
      "integrity": "sha512-LDlDOSEfjoG24uapLN7exK3Z3JchYFKUwWqo1x/9YdlAkmD1ik7cMSQZboCquP1uJVcXhtbpKmaO6vENGVaarg==",
      "requires": {
        "@codemirror/state": "^0.18.0",
        "@codemirror/view": "^0.18.0"
      }
    },
    "@codemirror/view": {
      "version": "0.18.17",
      "resolved": "https://registry.npmjs.org/@codemirror/view/-/view-0.18.17.tgz",
      "integrity": "sha512-AneqrYFgQJFZY5CdIRvllaLWL7r966JZK64d05PrScYhhRT6y5iiq0VBO9nxX5Y2gbTXBdO1/eZdtJlhwa6hww==",
      "requires": {
        "@codemirror/rangeset": "^0.18.2",
        "@codemirror/state": "^0.18.0",
        "@codemirror/text": "^0.18.0",
        "style-mod": "^4.0.0",
        "w3c-keyname": "^2.2.4"
      }
    },
    "crelt": {
      "version": "1.0.5",
      "resolved": "https://registry.npmjs.org/crelt/-/crelt-1.0.5.tgz",
      "integrity": "sha512-+BO9wPPi+DWTDcNYhr/W90myha8ptzftZT+LwcmUbbok0rcP/fequmFYCw8NMoH7pkAZQzU78b3kYrlua5a9eA=="
    },
    "js-tokens": {
      "version": "4.0.0",
      "resolved": "https://registry.npmjs.org/js-tokens/-/js-tokens-4.0.0.tgz",
      "integrity": "sha512-RdJUflcE3cUzKiMqQgsCu06FPu9UdIJO0beYbPhHN4k6apgJtifcoCtT9bcxOpYBtpD2kCM6Sbzg4CausW/PKQ=="
    },
    "lezer": {
      "version": "0.13.5",
      "resolved": "https://registry.npmjs.org/lezer/-/lezer-0.13.5.tgz",
      "integrity": "sha512-cAiMQZGUo2BD8mpcz7Nv1TlKzWP7YIdIRrX41CiP5bk5t4GHxskOxWUx2iAOuHlz8dO+ivbuXr0J1bfHsWD+lQ==",
      "requires": {
        "lezer-tree": "^0.13.2"
      }
    },
    "lezer-clojure": {
      "version": "0.1.10",
      "resolved": "https://registry.npmjs.org/lezer-clojure/-/lezer-clojure-0.1.10.tgz",
      "integrity": "sha512-aBDffG323AyhNJXIXKb9joCVviiJqZ8LPfH/W6SwyLxyzfE71ze77uhXnxZjz0F4agsw/TXxImUan2DXQvZ41A==",
      "requires": {
        "lezer": "^0.13.0"
      }
    },
    "lezer-tree": {
      "version": "0.13.2",
      "resolved": "https://registry.npmjs.org/lezer-tree/-/lezer-tree-0.13.2.tgz",
      "integrity": "sha512-15ZxW8TxVNAOkHIo43Iouv4zbSkQQ5chQHBpwXcD2bBFz46RB4jYLEEww5l1V0xyIx9U2clSyyrLes+hAUFrGQ=="
    },
    "loose-envify": {
      "version": "1.4.0",
      "resolved": "https://registry.npmjs.org/loose-envify/-/loose-envify-1.4.0.tgz",
      "integrity": "sha512-lyuxPGr/Wfhrlem2CL/UcnUc1zcqKAImBDzukY7Y5F/yQiNdko6+fRLevlw1HgMySw7f611UIY408EtxRSoK3Q==",
      "requires": {
        "js-tokens": "^3.0.0 || ^4.0.0"
      }
    },
    "object-assign": {
      "version": "4.1.1",
      "resolved": "https://registry.npmjs.org/object-assign/-/object-assign-4.1.1.tgz",
      "integrity": "sha1-IQmtx5ZYh8/AXLvUQsrIv7s2CGM="
    },
    "react": {
      "version": "17.0.2",
      "resolved": "https://registry.npmjs.org/react/-/react-17.0.2.tgz",
      "integrity": "sha512-gnhPt75i/dq/z3/6q/0asP78D0u592D5L1pd7M8P+dck6Fu/jJeL6iVVK23fptSUZj8Vjf++7wXA8UNclGQcbA==",
      "peer": true,
      "requires": {
        "loose-envify": "^1.1.0",
        "object-assign": "^4.1.1"
      }
    },
    "react-dom": {
      "version": "17.0.2",
      "resolved": "https://registry.npmjs.org/react-dom/-/react-dom-17.0.2.tgz",
      "integrity": "sha512-s4h96KtLDUQlsENhMn1ar8t2bEa+q/YAtj8pPPdIjPDGBDIVNsrD9aXNWqspUe6AzKCIG0C1HZZLqLV7qpOBGA==",
      "requires": {
        "loose-envify": "^1.1.0",
        "object-assign": "^4.1.1",
        "scheduler": "^0.20.2"
      }
    },
    "scheduler": {
      "version": "0.20.2",
      "resolved": "https://registry.npmjs.org/scheduler/-/scheduler-0.20.2.tgz",
      "integrity": "sha512-2eWfGgAqqWFGqtdMmcL5zCMK1U8KlXv8SQFGglL3CEtd0aDVDWgeF/YoCmvln55m5zSk3J/20hTaSBeSObsQDQ==",
      "requires": {
        "loose-envify": "^1.1.0",
        "object-assign": "^4.1.1"
      }
    },
    "style-mod": {
      "version": "4.0.0",
      "resolved": "https://registry.npmjs.org/style-mod/-/style-mod-4.0.0.tgz",
      "integrity": "sha512-OPhtyEjyyN9x3nhPsu76f52yUGXiZcgvsrFVtvTkyGRQJ0XK+GPc6ov1z+lRpbeabka+MYEQxOYRnt5nF30aMw=="
    },
    "w3c-keyname": {
      "version": "2.2.4",
      "resolved": "https://registry.npmjs.org/w3c-keyname/-/w3c-keyname-2.2.4.tgz",
      "integrity": "sha512-tOhfEwEzFLJzf6d1ZPkYfGj+FWhIpBux9ppoP3rlclw3Z0BZv3N7b7030Z1kYth+6rDuAsXUFr+d0VE6Ed1ikw=="
    }
  }
}
